
Microsoft Visual Studio Solution File, Format Version 12.00
# Visual Studio Version 17
VisualStudioVersion = 17.11.35312.102
MinimumVisualStudioVersion = 10.0.40219.1
Project("{FAE04EC0-301F-11D3-BF4B-00C04F79EFBC}") = "HelpDesk", "HelpDesk\HelpDesk.csproj", "{5A1401CE-1B47-471D-A825-C804D5375F99}"
EndProject
Project("{FAE04EC0-301F-11D3-BF4B-00C04F79EFBC}") = "HelpDesk.Models", "HelpDesk.Models\HelpDesk.Models.csproj", "{66DC3F9F-35DA-4455-8E96-6455920F464C}"
EndProject
Project("{FAE04EC0-301F-11D3-BF4B-00C04F79EFBC}") = "HelpDesk.Repositories", "HelpDesk.Repositories\HelpDesk.Repositories.csproj", "{3834213D-417C-409E-B159-3C0F286046C5}"
EndProject
Global
	GlobalSection(SolutionConfigurationPlatforms) = preSolution
		Debug|Any CPU = Debug|Any CPU
		Release|Any CPU = Release|Any CPU
	EndGlobalSection
	GlobalSection(ProjectConfigurationPlatforms) = postSolution
		{5A1401CE-1B47-471D-A825-C804D5375F99}.Debug|Any CPU.ActiveCfg = Debug|Any CPU
		{5A1401CE-1B47-471D-A825-C804D5375F99}.Debug|Any CPU.Build.0 = Debug|Any CPU
		{5A1401CE-1B47-471D-A825-C804D5375F99}.Release|Any CPU.ActiveCfg = Release|Any CPU
		{5A1401CE-1B47-471D-A825-C804D5375F99}.Release|Any CPU.Build.0 = Release|Any CPU
		{66DC3F9F-35DA-4455-8E96-6455920F464C}.Debug|Any CPU.ActiveCfg = Debug|Any CPU
		{66DC3F9F-35DA-4455-8E96-6455920F464C}.Debug|Any CPU.Build.0 = Debug|Any CPU
		{66DC3F9F-35DA-4455-8E96-6455920F464C}.Release|Any CPU.ActiveCfg = Release|Any CPU
		{66DC3F9F-35DA-4455-8E96-6455920F464C}.Release|Any CPU.Build.0 = Release|Any CPU
		{3834213D-417C-409E-B159-3C0F286046C5}.Debug|Any CPU.ActiveCfg = Debug|Any CPU
		{3834213D-417C-409E-B159-3C0F286046C5}.Debug|Any CPU.Build.0 = Debug|Any CPU
		{3834213D-417C-409E-B159-3C0F286046C5}.Release|Any CPU.ActiveCfg = Release|Any CPU
		{3834213D-417C-409E-B159-3C0F286046C5}.Release|Any CPU.Build.0 = Release|Any CPU
	EndGlobalSection
	GlobalSection(SolutionProperties) = preSolution
		HideSolutionNode = FALSE
	EndGlobalSection
	GlobalSection(ExtensibilityGlobals) = postSolution
		SolutionGuid = {03AD0823-2F1C-4F4C-9445-4F42081428BE}
	EndGlobalSection
EndGlobal
